
Microsoft Visual Studio Solution File, Format Version 12.00
# Visual Studio Version 17
VisualStudioVersion = 17.0.31903.59
MinimumVisualStudioVersion = 10.0.40219.1
Project("{2150E333-8FDC-42A3-9474-1A3956D46DE8}") = "src", "src", "{F55C1621-255C-4C0F-A0A1-6F08CD091BAB}"
EndProject
Project("{9A19103F-16F7-4668-BE54-9A1E7A4F7556}") = "Pixlr", "src\Pixlr\Pixlr.csproj", "{9DBE078E-4251-481F-AC59-B141762E83A4}"
EndProject
Project("{9A19103F-16F7-4668-BE54-9A1E7A4F7556}") = "Pixlr.Tests", "src\Pixlr.Tests\Pixlr.Tests.csproj", "{0945D282-1EB8-451E-9952-24A7A6392BF7}"
EndProject
Project("{2150E333-8FDC-42A3-9474-1A3956D46DE8}") = "Solution Items", "Solution Items", "{E53CD967-A75E-41B1-A734-3657CBFEDCF3}"
EndProject
Global
	GlobalSection(SolutionConfigurationPlatforms) = preSolution
		Debug|Any CPU = Debug|Any CPU
		Release|Any CPU = Release|Any CPU
	EndGlobalSection
	GlobalSection(ProjectConfigurationPlatforms) = postSolution
		{9DBE078E-4251-481F-AC59-B141762E83A4}.Debug|Any CPU.ActiveCfg = Debug|Any CPU
		{9DBE078E-4251-481F-AC59-B141762E83A4}.Debug|Any CPU.Build.0 = Debug|Any CPU
		{9DBE078E-4251-481F-AC59-B141762E83A4}.Release|Any CPU.ActiveCfg = Release|Any CPU
		{9DBE078E-4251-481F-AC59-B141762E83A4}.Release|Any CPU.Build.0 = Release|Any CPU
		{0945D282-1EB8-451E-9952-24A7A6392BF7}.Debug|Any CPU.ActiveCfg = Debug|Any CPU
		{0945D282-1EB8-451E-9952-24A7A6392BF7}.Debug|Any CPU.Build.0 = Debug|Any CPU
		{0945D282-1EB8-451E-9952-24A7A6392BF7}.Release|Any CPU.ActiveCfg = Release|Any CPU
		{0945D282-1EB8-451E-9952-24A7A6392BF7}.Release|Any CPU.Build.0 = Release|Any CPU
	EndGlobalSection
	GlobalSection(SolutionProperties) = preSolution
		HideSolutionNode = FALSE
	EndGlobalSection
	GlobalSection(NestedProjects) = preSolution
		{9DBE078E-4251-481F-AC59-B141762E83A4} = {F55C1621-255C-4C0F-A0A1-6F08CD091BAB}
		{0945D282-1EB8-451E-9952-24A7A6392BF7} = {F55C1621-255C-4C0F-A0A1-6F08CD091BAB}
	EndGlobalSection
EndGlobal
